// !$*UTF8*$!
{
	archiveVersion = 1;
	classes = {
	};
	objectVersion = 77;
	objects = {

/* Begin PBXContainerItemProxy section */
		8F0018A52CCAA4EC00AA841A /* PBXContainerItemProxy */ = {
			isa = PBXContainerItemProxy;
			containerPortal = 8F00188C2CCAA4E900AA841A /* Project object */;
			proxyType = 1;
			remoteGlobalIDString = 8F0018932CCAA4E900AA841A;
			remoteInfo = FuelCostCalc;
		};
		8F0018AF2CCAA4EC00AA841A /* PBXContainerItemProxy */ = {
			isa = PBXContainerItemProxy;
			containerPortal = 8F00188C2CCAA4E900AA841A /* Project object */;
			proxyType = 1;
			remoteGlobalIDString = 8F0018932CCAA4E900AA841A;
			remoteInfo = FuelCostCalc;
		};
/* End PBXContainerItemProxy section */

/* Begin PBXFileReference section */
		8F0018942CCAA4E900AA841A /* FuelCostCalc.app */ = {isa = PBXFileReference; explicitFileType = wrapper.application; includeInIndex = 0; path = FuelCostCalc.app; sourceTree = BUILT_PRODUCTS_DIR; };
		8F0018A42CCAA4EC00AA841A /* FuelCostCalcTests.xctest */ = {isa = PBXFileReference; explicitFileType = wrapper.cfbundle; includeInIndex = 0; path = FuelCostCalcTests.xctest; sourceTree = BUILT_PRODUCTS_DIR; };
		8F0018AE2CCAA4EC00AA841A /* FuelCostCalcUITests.xctest */ = {isa = PBXFileReference; explicitFileType = wrapper.cfbundle; includeInIndex = 0; path = FuelCostCalcUITests.xctest; sourceTree = BUILT_PRODUCTS_DIR; };
/* End PBXFileReference section */

/* Begin PBXFileSystemSynchronizedRootGroup section */
		8F0018962CCAA4E900AA841A /* FuelCostCalc */ = {
			isa = PBXFileSystemSynchronizedRootGroup;
			path = FuelCostCalc;
			sourceTree = "<group>";
		};
		8F0018A72CCAA4EC00AA841A /* FuelCostCalcTests */ = {
			isa = PBXFileSystemSynchronizedRootGroup;
			path = FuelCostCalcTests;
			sourceTree = "<group>";
		};
		8F0018B12CCAA4EC00AA841A /* FuelCostCalcUITests */ = {
			isa = PBXFileSystemSynchronizedRootGroup;
			path = FuelCostCalcUITests;
			sourceTree = "<group>";
		};
/* End PBXFileSystemSynchronizedRootGroup section */

/* Begin PBXFrameworksBuildPhase section */
		8F0018912CCAA4E900AA841A /* Frameworks */ = {
			isa = PBXFrameworksBuildPhase;
			buildActionMask = 2147483647;
			files = (
			);
			runOnlyForDeploymentPostprocessing = 0;
		};
		8F0018A12CCAA4EC00AA841A /* Frameworks */ = {
			isa = PBXFrameworksBuildPhase;
			buildActionMask = 2147483647;
			files = (
			);
			runOnlyForDeploymentPostprocessing = 0;
		};
		8F0018AB2CCAA4EC00AA841A /* Frameworks */ = {
			isa = PBXFrameworksBuildPhase;
			buildActionMask = 2147483647;
			files = (
			);
			runOnlyForDeploymentPostprocessing = 0;
		};
/* End PBXFrameworksBuildPhase section */

/* Begin PBXGroup section */
		8F00188B2CCAA4E900AA841A = {
			isa = PBXGroup;
			children = (
				8F0018962CCAA4E900AA841A /* FuelCostCalc */,
				8F0018A72CCAA4EC00AA841A /* FuelCostCalcTests */,
				8F0018B12CCAA4EC00AA841A /* FuelCostCalcUITests */,
				8F0018952CCAA4E900AA841A /* Products */,
			);
			sourceTree = "<group>";
		};
		8F0018952CCAA4E900AA841A /* Products */ = {
			isa = PBXGroup;
			children = (
				8F0018942CCAA4E900AA841A /* FuelCostCalc.app */,
				8F0018A42CCAA4EC00AA841A /* FuelCostCalcTests.xctest */,
				8F0018AE2CCAA4EC00AA841A /* FuelCostCalcUITests.xctest */,
			);
			name = Products;
			sourceTree = "<group>";
		};
/* End PBXGroup section */

/* Begin PBXNativeTarget section */
		8F0018932CCAA4E900AA841A /* FuelCostCalc */ = {
			isa = PBXNativeTarget;
			buildConfigurationList = 8F0018B82CCAA4EC00AA841A /* Build configuration list for PBXNativeTarget "FuelCostCalc" */;
			buildPhases = (
				8F0018902CCAA4E900AA841A /* Sources */,
				8F0018912CCAA4E900AA841A /* Frameworks */,
				8F0018922CCAA4E900AA841A /* Resources */,
			);
			buildRules = (
			);
			dependencies = (
			);
			fileSystemSynchronizedGroups = (
				8F0018962CCAA4E900AA841A /* FuelCostCalc */,
			);
			name = FuelCostCalc;
			packageProductDependencies = (
			);
			productName = FuelCostCalc;
			productReference = 8F0018942CCAA4E900AA841A /* FuelCostCalc.app */;
			productType = "com.apple.product-type.application";
		};
		8F0018A32CCAA4EC00AA841A /* FuelCostCalcTests */ = {
			isa = PBXNativeTarget;
			buildConfigurationList = 8F0018BB2CCAA4EC00AA841A /* Build configuration list for PBXNativeTarget "FuelCostCalcTests" */;
			buildPhases = (
				8F0018A02CCAA4EC00AA841A /* Sources */,
				8F0018A12CCAA4EC00AA841A /* Frameworks */,
				8F0018A22CCAA4EC00AA841A /* Resources */,
			);
			buildRules = (
			);
			dependencies = (
				8F0018A62CCAA4EC00AA841A /* PBXTargetDependency */,
			);
			fileSystemSynchronizedGroups = (
				8F0018A72CCAA4EC00AA841A /* FuelCostCalcTests */,
			);
			name = FuelCostCalcTests;
			packageProductDependencies = (
			);
			productName = FuelCostCalcTests;
			productReference = 8F0018A42CCAA4EC00AA841A /* FuelCostCalcTests.xctest */;
			productType = "com.apple.product-type.bundle.unit-test";
		};
		8F0018AD2CCAA4EC00AA841A /* FuelCostCalcUITests */ = {
			isa = PBXNativeTarget;
			buildConfigurationList = 8F0018BE2CCAA4EC00AA841A /* Build configuration list for PBXNativeTarget "FuelCostCalcUITests" */;
			buildPhases = (
				8F0018AA2CCAA4EC00AA841A /* Sources */,
				8F0018AB2CCAA4EC00AA841A /* Frameworks */,
				8F0018AC2CCAA4EC00AA841A /* Resources */,
			);
			buildRules = (
			);
			dependencies = (
				8F0018B02CCAA4EC00AA841A /* PBXTargetDependency */,
			);
			fileSystemSynchronizedGroups = (
				8F0018B12CCAA4EC00AA841A /* FuelCostCalcUITests */,
			);
			name = FuelCostCalcUITests;
			packageProductDependencies = (
			);
			productName = FuelCostCalcUITests;
			productReference = 8F0018AE2CCAA4EC00AA841A /* FuelCostCalcUITests.xctest */;
			productType = "com.apple.product-type.bundle.ui-testing";
		};
/* End PBXNativeTarget section */

/* Begin PBXProject section */
		8F00188C2CCAA4E900AA841A /* Project object */ = {
			isa = PBXProject;
			attributes = {
				BuildIndependentTargetsInParallel = 1;
				LastSwiftUpdateCheck = 1600;
				LastUpgradeCheck = 1600;
				TargetAttributes = {
					8F0018932CCAA4E900AA841A = {
						CreatedOnToolsVersion = 16.0;
					};
					8F0018A32CCAA4EC00AA841A = {
						CreatedOnToolsVersion = 16.0;
						TestTargetID = 8F0018932CCAA4E900AA841A;
					};
					8F0018AD2CCAA4EC00AA841A = {
						CreatedOnToolsVersion = 16.0;
						TestTargetID = 8F0018932CCAA4E900AA841A;
					};
				};
			};
			buildConfigurationList = 8F00188F2CCAA4E900AA841A /* Build configuration list for PBXProject "FuelCostCalc" */;
			developmentRegion = en;
			hasScannedForEncodings = 0;
			knownRegions = (
				en,
				Base,
			);
			mainGroup = 8F00188B2CCAA4E900AA841A;
			minimizedProjectReferenceProxies = 1;
			preferredProjectObjectVersion = 77;
			productRefGroup = 8F0018952CCAA4E900AA841A /* Products */;
			projectDirPath = "";
			projectRoot = "";
			targets = (
				8F0018932CCAA4E900AA841A /* FuelCostCalc */,
				8F0018A32CCAA4EC00AA841A /* FuelCostCalcTests */,
				8F0018AD2CCAA4EC00AA841A /* FuelCostCalcUITests */,
			);
		};
/* End PBXProject section */

/* Begin PBXResourcesBuildPhase section */
		8F0018922CCAA4E900AA841A /* Resources */ = {
			isa = PBXResourcesBuildPhase;
			buildActionMask = 2147483647;
			files = (
			);
			runOnlyForDeploymentPostprocessing = 0;
		};
		8F0018A22CCAA4EC00AA841A /* Resources */ = {
			isa = PBXResourcesBuildPhase;
			buildActionMask = 2147483647;
			files = (
			);
			runOnlyForDeploymentPostprocessing = 0;
		};
		8F0018AC2CCAA4EC00AA841A /* Resources */ = {
			isa = PBXResourcesBuildPhase;
			buildActionMask = 2147483647;
			files = (
			);
			runOnlyForDeploymentPostprocessing = 0;
		};
/* End PBXResourcesBuildPhase section */

/* Begin PBXSourcesBuildPhase section */
		8F0018902CCAA4E900AA841A /* Sources */ = {
			isa = PBXSourcesBuildPhase;
			buildActionMask = 2147483647;
			files = (
			);
			runOnlyForDeploymentPostprocessing = 0;
		};
		8F0018A02CCAA4EC00AA841A /* Sources */ = {
			isa = PBXSourcesBuildPhase;
			buildActionMask = 2147483647;
			files = (
			);
			runOnlyForDeploymentPostprocessing = 0;
		};
		8F0018AA2CCAA4EC00AA841A /* Sources */ = {
			isa = PBXSourcesBuildPhase;
			buildActionMask = 2147483647;
			files = (
			);
			runOnlyForDeploymentPostprocessing = 0;
		};
/* End PBXSourcesBuildPhase section */

/* Begin PBXTargetDependency section */
		8F0018A62CCAA4EC00AA841A /* PBXTargetDependency */ = {
			isa = PBXTargetDependency;
			target = 8F0018932CCAA4E900AA841A /* FuelCostCalc */;
			targetProxy = 8F0018A52CCAA4EC00AA841A /* PBXContainerItemProxy */;
		};
		8F0018B02CCAA4EC00AA841A /* PBXTargetDependency */ = {
			isa = PBXTargetDependency;
			target = 8F0018932CCAA4E900AA841A /* FuelCostCalc */;
			targetProxy = 8F0018AF2CCAA4EC00AA841A /* PBXContainerItemProxy */;
		};
/* End PBXTargetDependency section */

/* Begin XCBuildConfiguration section */
		8F0018B62CCAA4EC00AA841A /* Debug */ = {
			isa = XCBuildConfiguration;
			buildSettings = {
				ALWAYS_SEARCH_USER_PATHS = NO;
				ASSETCATALOG_COMPILER_GENERATE_SWIFT_ASSET_SYMBOL_EXTENSIONS = YES;
				CLANG_ANALYZER_NONNULL = YES;
				CLANG_ANALYZER_NUMBER_OBJECT_CONVERSION = YES_AGGRESSIVE;
				CLANG_CXX_LANGUAGE_STANDARD = "gnu++20";
				CLANG_ENABLE_MODULES = YES;
				CLANG_ENABLE_OBJC_ARC = YES;
				CLANG_ENABLE_OBJC_WEAK = YES;
				CLANG_WARN_BLOCK_CAPTURE_AUTORELEASING = YES;
				CLANG_WARN_BOOL_CONVERSION = YES;
				CLANG_WARN_COMMA = YES;
				CLANG_WARN_CONSTANT_CONVERSION = YES;
				CLANG_WARN_DEPRECATED_OBJC_IMPLEMENTATIONS = YES;
				CLANG_WARN_DIRECT_OBJC_ISA_USAGE = YES_ERROR;
				CLANG_WARN_DOCUMENTATION_COMMENTS = YES;
				CLANG_WARN_EMPTY_BODY = YES;
				CLANG_WARN_ENUM_CONVERSION = YES;
				CLANG_WARN_INFINITE_RECURSION = YES;
				CLANG_WARN_INT_CONVERSION = YES;
				CLANG_WARN_NON_LITERAL_NULL_CONVERSION = YES;
				CLANG_WARN_OBJC_IMPLICIT_RETAIN_SELF = YES;
				CLANG_WARN_OBJC_LITERAL_CONVERSION = YES;
				CLANG_WARN_OBJC_ROOT_CLASS = YES_ERROR;
				CLANG_WARN_QUOTED_INCLUDE_IN_FRAMEWORK_HEADER = YES;
				CLANG_WARN_RANGE_LOOP_ANALYSIS = YES;
				CLANG_WARN_STRICT_PROTOTYPES = YES;
				CLANG_WARN_SUSPICIOUS_MOVE = YES;
				CLANG_WARN_UNGUARDED_AVAILABILITY = YES_AGGRESSIVE;
				CLANG_WARN_UNREACHABLE_CODE = YES;
				CLANG_WARN__DUPLICATE_METHOD_MATCH = YES;
				COPY_PHASE_STRIP = NO;
				DEBUG_INFORMATION_FORMAT = dwarf;
				ENABLE_STRICT_OBJC_MSGSEND = YES;
				ENABLE_TESTABILITY = YES;
				ENABLE_USER_SCRIPT_SANDBOXING = YES;
				GCC_C_LANGUAGE_STANDARD = gnu17;
				GCC_DYNAMIC_NO_PIC = NO;
				GCC_NO_COMMON_BLOCKS = YES;
				GCC_OPTIMIZATION_LEVEL = 0;
				GCC_PREPROCESSOR_DEFINITIONS = (
					"DEBUG=1",
					"$(inherited)",
				);
				GCC_WARN_64_TO_32_BIT_CONVERSION = YES;
				GCC_WARN_ABOUT_RETURN_TYPE = YES_ERROR;
				GCC_WARN_UNDECLARED_SELECTOR = YES;
				GCC_WARN_UNINITIALIZED_AUTOS = YES_AGGRESSIVE;
				GCC_WARN_UNUSED_FUNCTION = YES;
				GCC_WARN_UNUSED_VARIABLE = YES;
				IPHONEOS_DEPLOYMENT_TARGET = 18.0;
				LOCALIZATION_PREFERS_STRING_CATALOGS = YES;
				MTL_ENABLE_DEBUG_INFO = INCLUDE_SOURCE;
				MTL_FAST_MATH = YES;
				ONLY_ACTIVE_ARCH = YES;
				SDKROOT = iphoneos;
				SWIFT_ACTIVE_COMPILATION_CONDITIONS = "DEBUG $(inherited)";
				SWIFT_OPTIMIZATION_LEVEL = "-Onone";
			};
			name = Debug;
		};
		8F0018B72CCAA4EC00AA841A /* Release */ = {
			isa = XCBuildConfiguration;
			buildSettings = {
				ALWAYS_SEARCH_USER_PATHS = NO;
				ASSETCATALOG_COMPILER_GENERATE_SWIFT_ASSET_SYMBOL_EXTENSIONS = YES;
				CLANG_ANALYZER_NONNULL = YES;
				CLANG_ANALYZER_NUMBER_OBJECT_CONVERSION = YES_AGGRESSIVE;
				CLANG_CXX_LANGUAGE_STANDARD = "gnu++20";
				CLANG_ENABLE_MODULES = YES;
				CLANG_ENABLE_OBJC_ARC = YES;
				CLANG_ENABLE_OBJC_WEAK = YES;
				CLANG_WARN_BLOCK_CAPTURE_AUTORELEASING = YES;
				CLANG_WARN_BOOL_CONVERSION = YES;
				CLANG_WARN_COMMA = YES;
				CLANG_WARN_CONSTANT_CONVERSION = YES;
				CLANG_WARN_DEPRECATED_OBJC_IMPLEMENTATIONS = YES;
				CLANG_WARN_DIRECT_OBJC_ISA_USAGE = YES_ERROR;
				CLANG_WARN_DOCUMENTATION_COMMENTS = YES;
				CLANG_WARN_EMPTY_BODY = YES;
				CLANG_WARN_ENUM_CONVERSION = YES;
				CLANG_WARN_INFINITE_RECURSION = YES;
				CLANG_WARN_INT_CONVERSION = YES;
				CLANG_WARN_NON_LITERAL_NULL_CONVERSION = YES;
				CLANG_WARN_OBJC_IMPLICIT_RETAIN_SELF = YES;
				CLANG_WARN_OBJC_LITERAL_CONVERSION = YES;
				CLANG_WARN_OBJC_ROOT_CLASS = YES_ERROR;
				CLANG_WARN_QUOTED_INCLUDE_IN_FRAMEWORK_HEADER = YES;
				CLANG_WARN_RANGE_LOOP_ANALYSIS = YES;
				CLANG_WARN_STRICT_PROTOTYPES = YES;
				CLANG_WARN_SUSPICIOUS_MOVE = YES;
				CLANG_WARN_UNGUARDED_AVAILABILITY = YES_AGGRESSIVE;
				CLANG_WARN_UNREACHABLE_CODE = YES;
				CLANG_WARN__DUPLICATE_METHOD_MATCH = YES;
				COPY_PHASE_STRIP = NO;
				DEBUG_INFORMATION_FORMAT = "dwarf-with-dsym";
				ENABLE_NS_ASSERTIONS = NO;
				ENABLE_STRICT_OBJC_MSGSEND = YES;
				ENABLE_USER_SCRIPT_SANDBOXING = YES;
				GCC_C_LANGUAGE_STANDARD = gnu17;
				GCC_NO_COMMON_BLOCKS = YES;
				GCC_WARN_64_TO_32_BIT_CONVERSION = YES;
				GCC_WARN_ABOUT_RETURN_TYPE = YES_ERROR;
				GCC_WARN_UNDECLARED_SELECTOR = YES;
				GCC_WARN_UNINITIALIZED_AUTOS = YES_AGGRESSIVE;
				GCC_WARN_UNUSED_FUNCTION = YES;
				GCC_WARN_UNUSED_VARIABLE = YES;
				IPHONEOS_DEPLOYMENT_TARGET = 18.0;
				LOCALIZATION_PREFERS_STRING_CATALOGS = YES;
				MTL_ENABLE_DEBUG_INFO = NO;
				MTL_FAST_MATH = YES;
				SDKROOT = iphoneos;
				SWIFT_COMPILATION_MODE = wholemodule;
				VALIDATE_PRODUCT = YES;
			};
			name = Release;
		};
		8F0018B92CCAA4EC00AA841A /* Debug */ = {
			isa = XCBuildConfiguration;
			buildSettings = {
				ASSETCATALOG_COMPILER_APPICON_NAME = AppIcon;
				ASSETCATALOG_COMPILER_GLOBAL_ACCENT_COLOR_NAME = AccentColor;
				CODE_SIGN_STYLE = Automatic;
				CURRENT_PROJECT_VERSION = 1;
				DEVELOPMENT_ASSET_PATHS = "\"FuelCostCalc/Preview Content\"";
				ENABLE_PREVIEWS = YES;
				GENERATE_INFOPLIST_FILE = YES;
				INFOPLIST_KEY_UIApplicationSceneManifest_Generation = YES;
				INFOPLIST_KEY_UIApplicationSupportsIndirectInputEvents = YES;
				INFOPLIST_KEY_UILaunchScreen_Generation = YES;
				INFOPLIST_KEY_UISupportedInterfaceOrientations_iPad = "UIInterfaceOrientationPortrait UIInterfaceOrientationPortraitUpsideDown UIInterfaceOrientationLandscapeLeft UIInterfaceOrientationLandscapeRight";
				INFOPLIST_KEY_UISupportedInterfaceOrientations_iPhone = "UIInterfaceOrientationPortrait UIInterfaceOrientationLandscapeLeft UIInterfaceOrientationLandscapeRight";
				LD_RUNPATH_SEARCH_PATHS = (
					"$(inherited)",
					"@executable_path/Frameworks",
				);
				MARKETING_VERSION = 1.0;
				PRODUCT_BUNDLE_IDENTIFIER = com.yd.FuelCostCalc;
				PRODUCT_NAME = "$(TARGET_NAME)";
				SWIFT_EMIT_LOC_STRINGS = YES;
				SWIFT_VERSION = 5.0;
				TARGETED_DEVICE_FAMILY = "1,2";
			};
			name = Debug;
		};
		8F0018BA2CCAA4EC00AA841A /* Release */ = {
			isa = XCBuildConfiguration;
			buildSettings = {
				ASSETCATALOG_COMPILER_APPICON_NAME = AppIcon;
				ASSETCATALOG_COMPILER_GLOBAL_ACCENT_COLOR_NAME = AccentColor;
				CODE_SIGN_STYLE = Automatic;
				CURRENT_PROJECT_VERSION = 1;
				DEVELOPMENT_ASSET_PATHS = "\"FuelCostCalc/Preview Content\"";
				ENABLE_PREVIEWS = YES;
				GENERATE_INFOPLIST_FILE = YES;
				INFOPLIST_KEY_UIApplicationSceneManifest_Generation = YES;
				INFOPLIST_KEY_UIApplicationSupportsIndirectInputEvents = YES;
				INFOPLIST_KEY_UILaunchScreen_Generation = YES;
				INFOPLIST_KEY_UISupportedInterfaceOrientations_iPad = "UIInterfaceOrientationPortrait UIInterfaceOrientationPortraitUpsideDown UIInterfaceOrientationLandscapeLeft UIInterfaceOrientationLandscapeRight";
				INFOPLIST_KEY_UISupportedInterfaceOrientations_iPhone = "UIInterfaceOrientationPortrait UIInterfaceOrientationLandscapeLeft UIInterfaceOrientationLandscapeRight";
				LD_RUNPATH_SEARCH_PATHS = (
					"$(inherited)",
					"@executable_path/Frameworks",
				);
				MARKETING_VERSION = 1.0;
				PRODUCT_BUNDLE_IDENTIFIER = com.yd.FuelCostCalc;
				PRODUCT_NAME = "$(TARGET_NAME)";
				SWIFT_EMIT_LOC_STRINGS = YES;
				SWIFT_VERSION = 5.0;
				TARGETED_DEVICE_FAMILY = "1,2";
			};
			name = Release;
		};
		8F0018BC2CCAA4EC00AA841A /* Debug */ = {
			isa = XCBuildConfiguration;
			buildSettings = {
				BUNDLE_LOADER = "$(TEST_HOST)";
				CODE_SIGN_STYLE = Automatic;
				CURRENT_PROJECT_VERSION = 1;
				GENERATE_INFOPLIST_FILE = YES;
				IPHONEOS_DEPLOYMENT_TARGET = 18.0;
				MARKETING_VERSION = 1.0;
				PRODUCT_BUNDLE_IDENTIFIER = com.yd.FuelCostCalcTests;
				PRODUCT_NAME = "$(TARGET_NAME)";
				SWIFT_EMIT_LOC_STRINGS = NO;
				SWIFT_VERSION = 5.0;
				TARGETED_DEVICE_FAMILY = "1,2";
				TEST_HOST = "$(BUILT_PRODUCTS_DIR)/FuelCostCalc.app/$(BUNDLE_EXECUTABLE_FOLDER_PATH)/FuelCostCalc";
			};
			name = Debug;
		};
		8F0018BD2CCAA4EC00AA841A /* Release */ = {
			isa = XCBuildConfiguration;
			buildSettings = {
				BUNDLE_LOADER = "$(TEST_HOST)";
				CODE_SIGN_STYLE = Automatic;
				CURRENT_PROJECT_VERSION = 1;
				GENERATE_INFOPLIST_FILE = YES;
				IPHONEOS_DEPLOYMENT_TARGET = 18.0;
				MARKETING_VERSION = 1.0;
				PRODUCT_BUNDLE_IDENTIFIER = com.yd.FuelCostCalcTests;
				PRODUCT_NAME = "$(TARGET_NAME)";
				SWIFT_EMIT_LOC_STRINGS = NO;
				SWIFT_VERSION = 5.0;
				TARGETED_DEVICE_FAMILY = "1,2";
				TEST_HOST = "$(BUILT_PRODUCTS_DIR)/FuelCostCalc.app/$(BUNDLE_EXECUTABLE_FOLDER_PATH)/FuelCostCalc";
			};
			name = Release;
		};
		8F0018BF2CCAA4EC00AA841A /* Debug */ = {
			isa = XCBuildConfiguration;
			buildSettings = {
				CODE_SIGN_STYLE = Automatic;
				CURRENT_PROJECT_VERSION = 1;
				GENERATE_INFOPLIST_FILE = YES;
				MARKETING_VERSION = 1.0;
				PRODUCT_BUNDLE_IDENTIFIER = com.yd.FuelCostCalcUITests;
				PRODUCT_NAME = "$(TARGET_NAME)";
				SWIFT_EMIT_LOC_STRINGS = NO;
				SWIFT_VERSION = 5.0;
				TARGETED_DEVICE_FAMILY = "1,2";
				TEST_TARGET_NAME = FuelCostCalc;
			};
			name = Debug;
		};
		8F0018C02CCAA4EC00AA841A /* Release */ = {
			isa = XCBuildConfiguration;
			buildSettings = {
				CODE_SIGN_STYLE = Automatic;
				CURRENT_PROJECT_VERSION = 1;
				GENERATE_INFOPLIST_FILE = YES;
				MARKETING_VERSION = 1.0;
				PRODUCT_BUNDLE_IDENTIFIER = com.yd.FuelCostCalcUITests;
				PRODUCT_NAME = "$(TARGET_NAME)";
				SWIFT_EMIT_LOC_STRINGS = NO;
				SWIFT_VERSION = 5.0;
				TARGETED_DEVICE_FAMILY = "1,2";
				TEST_TARGET_NAME = FuelCostCalc;
			};
			name = Release;
		};
/* End XCBuildConfiguration section */

/* Begin XCConfigurationList section */
		8F00188F2CCAA4E900AA841A /* Build configuration list for PBXProject "FuelCostCalc" */ = {
			isa = XCConfigurationList;
			buildConfigurations = (
				8F0018B62CCAA4EC00AA841A /* Debug */,
				8F0018B72CCAA4EC00AA841A /* Release */,
			);
			defaultConfigurationIsVisible = 0;
			defaultConfigurationName = Release;
		};
		8F0018B82CCAA4EC00AA841A /* Build configuration list for PBXNativeTarget "FuelCostCalc" */ = {
			isa = XCConfigurationList;
			buildConfigurations = (
				8F0018B92CCAA4EC00AA841A /* Debug */,
				8F0018BA2CCAA4EC00AA841A /* Release */,
			);
			defaultConfigurationIsVisible = 0;
			defaultConfigurationName = Release;
		};
		8F0018BB2CCAA4EC00AA841A /* Build configuration list for PBXNativeTarget "FuelCostCalcTests" */ = {
			isa = XCConfigurationList;
			buildConfigurations = (
				8F0018BC2CCAA4EC00AA841A /* Debug */,
				8F0018BD2CCAA4EC00AA841A /* Release */,
			);
			defaultConfigurationIsVisible = 0;
			defaultConfigurationName = Release;
		};
		8F0018BE2CCAA4EC00AA841A /* Build configuration list for PBXNativeTarget "FuelCostCalcUITests" */ = {
			isa = XCConfigurationList;
			buildConfigurations = (
				8F0018BF2CCAA4EC00AA841A /* Debug */,
				8F0018C02CCAA4EC00AA841A /* Release */,
			);
			defaultConfigurationIsVisible = 0;
			defaultConfigurationName = Release;
		};
/* End XCConfigurationList section */
	};
	rootObject = 8F00188C2CCAA4E900AA841A /* Project object */;
}
